
Microsoft Visual Studio Solution File, Format Version 11.00
# Visual C++ Express 2010
Project("{8BC9CEB8-8B4A-11D0-8D11-00A0C91BC942}") = "TaskDispatcher", "TaskDispatcher\TaskDispatcher.vcxproj", "{AEAE6B30-4FD6-4239-BC7A-94EF446B2156}"
EndProject
Project("{8BC9CEB8-8B4A-11D0-8D11-00A0C91BC942}") = "UseDispatcher", "UseDispatcher\UseDispatcher.vcxproj", "{871EBA89-AB4D-410F-9218-72B6522A749A}"
EndProject
Project("{8BC9CEB8-8B4A-11D0-8D11-00A0C91BC942}") = "UnitTests", "UnitTests\UnitTests.vcxproj", "{D738FB59-E469-4655-BE25-57A043C1C352}"
	ProjectSection(ProjectDependencies) = postProject
		{AEAE6B30-4FD6-4239-BC7A-94EF446B2156} = {AEAE6B30-4FD6-4239-BC7A-94EF446B2156}
	EndProjectSection
EndProject
Project("{8BC9CEB8-8B4A-11D0-8D11-00A0C91BC942}") = "UseDispatcherGUI", "UseDispatcherGUI\UseDispatcherGUI.vcxproj", "{150C47D1-CA50-4D01-AC5A-795F785BAAC9}"
EndProject
Project("{8BC9CEB8-8B4A-11D0-8D11-00A0C91BC942}") = "TestSingleton", "TestSingleton\TestSingleton.vcxproj", "{C4FA4AA0-34B5-44DC-927D-2E01309F82BA}"
EndProject
Project("{8BC9CEB8-8B4A-11D0-8D11-00A0C91BC942}") = "UseDispatcherDLL", "UseDispatcherDLL\UseDispatcherDLL.vcxproj", "{EB9EF036-292E-48E7-B239-AA0B182EB878}"
	ProjectSection(ProjectDependencies) = postProject
		{AEAE6B30-4FD6-4239-BC7A-94EF446B2156} = {AEAE6B30-4FD6-4239-BC7A-94EF446B2156}
	EndProjectSection
EndProject
Global
	GlobalSection(SolutionConfigurationPlatforms) = preSolution
		Debug|Win32 = Debug|Win32
		DebugDLL|Win32 = DebugDLL|Win32
		Release|Win32 = Release|Win32
		ReleaseDLL|Win32 = ReleaseDLL|Win32
	EndGlobalSection
	GlobalSection(ProjectConfigurationPlatforms) = postSolution
		{AEAE6B30-4FD6-4239-BC7A-94EF446B2156}.Debug|Win32.ActiveCfg = Debug|Win32
		{AEAE6B30-4FD6-4239-BC7A-94EF446B2156}.Debug|Win32.Build.0 = Debug|Win32
		{AEAE6B30-4FD6-4239-BC7A-94EF446B2156}.DebugDLL|Win32.ActiveCfg = DebugDLL|Win32
		{AEAE6B30-4FD6-4239-BC7A-94EF446B2156}.DebugDLL|Win32.Build.0 = DebugDLL|Win32
		{AEAE6B30-4FD6-4239-BC7A-94EF446B2156}.Release|Win32.ActiveCfg = Release|Win32
		{AEAE6B30-4FD6-4239-BC7A-94EF446B2156}.Release|Win32.Build.0 = Release|Win32
		{AEAE6B30-4FD6-4239-BC7A-94EF446B2156}.ReleaseDLL|Win32.ActiveCfg = ReleaseDLL|Win32
		{AEAE6B30-4FD6-4239-BC7A-94EF446B2156}.ReleaseDLL|Win32.Build.0 = ReleaseDLL|Win32
		{871EBA89-AB4D-410F-9218-72B6522A749A}.Debug|Win32.ActiveCfg = Debug|Win32
		{871EBA89-AB4D-410F-9218-72B6522A749A}.Debug|Win32.Build.0 = Debug|Win32
		{871EBA89-AB4D-410F-9218-72B6522A749A}.DebugDLL|Win32.ActiveCfg = Debug|Win32
		{871EBA89-AB4D-410F-9218-72B6522A749A}.Release|Win32.ActiveCfg = Release|Win32
		{871EBA89-AB4D-410F-9218-72B6522A749A}.Release|Win32.Build.0 = Release|Win32
		{871EBA89-AB4D-410F-9218-72B6522A749A}.ReleaseDLL|Win32.ActiveCfg = Release|Win32
		{D738FB59-E469-4655-BE25-57A043C1C352}.Debug|Win32.ActiveCfg = Debug|Win32
		{D738FB59-E469-4655-BE25-57A043C1C352}.Debug|Win32.Build.0 = Debug|Win32
		{D738FB59-E469-4655-BE25-57A043C1C352}.DebugDLL|Win32.ActiveCfg = Debug|Win32
		{D738FB59-E469-4655-BE25-57A043C1C352}.Release|Win32.ActiveCfg = Release|Win32
		{D738FB59-E469-4655-BE25-57A043C1C352}.Release|Win32.Build.0 = Release|Win32
		{D738FB59-E469-4655-BE25-57A043C1C352}.ReleaseDLL|Win32.ActiveCfg = Release|Win32
		{150C47D1-CA50-4D01-AC5A-795F785BAAC9}.Debug|Win32.ActiveCfg = Debug|Win32
		{150C47D1-CA50-4D01-AC5A-795F785BAAC9}.Debug|Win32.Build.0 = Debug|Win32
		{150C47D1-CA50-4D01-AC5A-795F785BAAC9}.DebugDLL|Win32.ActiveCfg = Debug|Win32
		{150C47D1-CA50-4D01-AC5A-795F785BAAC9}.Release|Win32.ActiveCfg = Release|Win32
		{150C47D1-CA50-4D01-AC5A-795F785BAAC9}.Release|Win32.Build.0 = Release|Win32
		{150C47D1-CA50-4D01-AC5A-795F785BAAC9}.ReleaseDLL|Win32.ActiveCfg = Release|Win32
		{C4FA4AA0-34B5-44DC-927D-2E01309F82BA}.Debug|Win32.ActiveCfg = Debug|Win32
		{C4FA4AA0-34B5-44DC-927D-2E01309F82BA}.Debug|Win32.Build.0 = Debug|Win32
		{C4FA4AA0-34B5-44DC-927D-2E01309F82BA}.DebugDLL|Win32.ActiveCfg = Debug|Win32
		{C4FA4AA0-34B5-44DC-927D-2E01309F82BA}.Release|Win32.ActiveCfg = Release|Win32
		{C4FA4AA0-34B5-44DC-927D-2E01309F82BA}.Release|Win32.Build.0 = Release|Win32
		{C4FA4AA0-34B5-44DC-927D-2E01309F82BA}.ReleaseDLL|Win32.ActiveCfg = Release|Win32
		{EB9EF036-292E-48E7-B239-AA0B182EB878}.Debug|Win32.ActiveCfg = Debug|Win32
		{EB9EF036-292E-48E7-B239-AA0B182EB878}.DebugDLL|Win32.ActiveCfg = Debug|Win32
		{EB9EF036-292E-48E7-B239-AA0B182EB878}.DebugDLL|Win32.Build.0 = Debug|Win32
		{EB9EF036-292E-48E7-B239-AA0B182EB878}.Release|Win32.ActiveCfg = Release|Win32
		{EB9EF036-292E-48E7-B239-AA0B182EB878}.ReleaseDLL|Win32.ActiveCfg = Release|Win32
		{EB9EF036-292E-48E7-B239-AA0B182EB878}.ReleaseDLL|Win32.Build.0 = Release|Win32
	EndGlobalSection
	GlobalSection(SolutionProperties) = preSolution
		HideSolutionNode = FALSE
	EndGlobalSection
EndGlobal
